// !$*UTF8*$!
{
	archiveVersion = 1;
	classes = {
	};
	objectVersion = 55;
	objects = {

/* Begin PBXBuildFile section */
		5E7B063C282FB91500E91C2D /* DailymotionApp.swift in Sources */ = {isa = PBXBuildFile; fileRef = 5E7B063B282FB91500E91C2D /* DailymotionApp.swift */; };
		5E7B063E282FB91500E91C2D /* ContentView.swift in Sources */ = {isa = PBXBuildFile; fileRef = 5E7B063D282FB91500E91C2D /* ContentView.swift */; };
		5E7B0640282FB91900E91C2D /* Assets.xcassets in Resources */ = {isa = PBXBuildFile; fileRef = 5E7B063F282FB91900E91C2D /* Assets.xcassets */; };
		5E7B0643282FB91900E91C2D /* Preview Assets.xcassets in Resources */ = {isa = PBXBuildFile; fileRef = 5E7B0642282FB91900E91C2D /* Preview Assets.xcassets */; };
		5E7B064B282FB94500E91C2D /* ChannelView.swift in Sources */ = {isa = PBXBuildFile; fileRef = 5E7B064A282FB94500E91C2D /* ChannelView.swift */; };
		5E7B064D282FB95900E91C2D /* ChannelVideosView.swift in Sources */ = {isa = PBXBuildFile; fileRef = 5E7B064C282FB95900E91C2D /* ChannelVideosView.swift */; };
		5E7B064F282FB96900E91C2D /* VideoDetailsView.swift in Sources */ = {isa = PBXBuildFile; fileRef = 5E7B064E282FB96900E91C2D /* VideoDetailsView.swift */; };
		5E7B0651282FB97700E91C2D /* VideoPlaybackView.swift in Sources */ = {isa = PBXBuildFile; fileRef = 5E7B0650282FB97700E91C2D /* VideoPlaybackView.swift */; };
		5E7B0655282FBBB300E91C2D /* NetworkManager.swift in Sources */ = {isa = PBXBuildFile; fileRef = 5E7B0654282FBBB300E91C2D /* NetworkManager.swift */; };
		5E7B0657282FC05F00E91C2D /* ChannelViewData.swift in Sources */ = {isa = PBXBuildFile; fileRef = 5E7B0656282FC05F00E91C2D /* ChannelViewData.swift */; };
		5E7B0659282FC99200E91C2D /* ChannelVideosViewData.swift in Sources */ = {isa = PBXBuildFile; fileRef = 5E7B0658282FC99200E91C2D /* ChannelVideosViewData.swift */; };
		5E7B065D282FFD7C00E91C2D /* VideoDetailsViewData.swift in Sources */ = {isa = PBXBuildFile; fileRef = 5E7B065C282FFD7C00E91C2D /* VideoDetailsViewData.swift */; };
		5E7B065F28300D5A00E91C2D /* Service.swift in Sources */ = {isa = PBXBuildFile; fileRef = 5E7B065E28300D5A00E91C2D /* Service.swift */; };
		5E7B06692830C5DC00E91C2D /* NetworkManagerTests.swift in Sources */ = {isa = PBXBuildFile; fileRef = 5E7B06682830C5DC00E91C2D /* NetworkManagerTests.swift */; };
		5E7B06702830D0E700E91C2D /* ServiceTests.swift in Sources */ = {isa = PBXBuildFile; fileRef = 5E7B066F2830D0E700E91C2D /* ServiceTests.swift */; };
		5E7B06782830D69500E91C2D /* DailymotionUITests.swift in Sources */ = {isa = PBXBuildFile; fileRef = 5E7B06772830D69500E91C2D /* DailymotionUITests.swift */; };
		5E7B067A2830D69500E91C2D /* DailymotionUITestsLaunchTests.swift in Sources */ = {isa = PBXBuildFile; fileRef = 5E7B06792830D69500E91C2D /* DailymotionUITestsLaunchTests.swift */; };
		5E7B06812830D78100E91C2D /* DailymotionUITestsMainUI.swift in Sources */ = {isa = PBXBuildFile; fileRef = 5E7B06802830D78100E91C2D /* DailymotionUITestsMainUI.swift */; };
		5E7B06832830D9A200E91C2D /* ChannelsViewTests.swift in Sources */ = {isa = PBXBuildFile; fileRef = 5E7B06822830D9A200E91C2D /* ChannelsViewTests.swift */; };
		5E7B06852830DA5700E91C2D /* VideosViewTests.swift in Sources */ = {isa = PBXBuildFile; fileRef = 5E7B06842830DA5700E91C2D /* VideosViewTests.swift */; };
		5E7B06892831037F00E91C2D /* Localizable.strings in Resources */ = {isa = PBXBuildFile; fileRef = 5E7B068B2831037F00E91C2D /* Localizable.strings */; };
		5E7B068C2831058300E91C2D /* Localizable.strings in Resources */ = {isa = PBXBuildFile; fileRef = 5E7B068B2831037F00E91C2D /* Localizable.strings */; };
		5E7B068D2831058500E91C2D /* Localizable.strings in Resources */ = {isa = PBXBuildFile; fileRef = 5E7B068B2831037F00E91C2D /* Localizable.strings */; };
		5E7B06932831188F00E91C2D /* UIVideoPlayer.swift in Sources */ = {isa = PBXBuildFile; fileRef = 5E7B06922831188F00E91C2D /* UIVideoPlayer.swift */; };
		5E7B069528311A1300E91C2D /* PlayerView.swift in Sources */ = {isa = PBXBuildFile; fileRef = 5E7B069428311A1300E91C2D /* PlayerView.swift */; };
		5E7B0697283288B600E91C2D /* ChannelVideosData.swift in Sources */ = {isa = PBXBuildFile; fileRef = 5E7B0696283288B600E91C2D /* ChannelVideosData.swift */; };
		5E7B0699283289A900E91C2D /* RenderedChannelVideosView.swift in Sources */ = {isa = PBXBuildFile; fileRef = 5E7B0698283289A900E91C2D /* RenderedChannelVideosView.swift */; };
/* End PBXBuildFile section */

/* Begin PBXContainerItemProxy section */
		5E7B066A2830C5DC00E91C2D /* PBXContainerItemProxy */ = {
			isa = PBXContainerItemProxy;
			containerPortal = 5E7B0630282FB91500E91C2D /* Project object */;
			proxyType = 1;
			remoteGlobalIDString = 5E7B0637282FB91500E91C2D;
			remoteInfo = Dailymotion;
		};
		5E7B067B2830D69500E91C2D /* PBXContainerItemProxy */ = {
			isa = PBXContainerItemProxy;
			containerPortal = 5E7B0630282FB91500E91C2D /* Project object */;
			proxyType = 1;
			remoteGlobalIDString = 5E7B0637282FB91500E91C2D;
			remoteInfo = Dailymotion;
		};
/* End PBXContainerItemProxy section */

/* Begin PBXFileReference section */
		5E7B0638282FB91500E91C2D /* Dailymotion.app */ = {isa = PBXFileReference; explicitFileType = wrapper.application; includeInIndex = 0; path = Dailymotion.app; sourceTree = BUILT_PRODUCTS_DIR; };
		5E7B063B282FB91500E91C2D /* DailymotionApp.swift */ = {isa = PBXFileReference; lastKnownFileType = sourcecode.swift; path = DailymotionApp.swift; sourceTree = "<group>"; };
		5E7B063D282FB91500E91C2D /* ContentView.swift */ = {isa = PBXFileReference; lastKnownFileType = sourcecode.swift; path = ContentView.swift; sourceTree = "<group>"; };
		5E7B063F282FB91900E91C2D /* Assets.xcassets */ = {isa = PBXFileReference; lastKnownFileType = folder.assetcatalog; path = Assets.xcassets; sourceTree = "<group>"; };
		5E7B0642282FB91900E91C2D /* Preview Assets.xcassets */ = {isa = PBXFileReference; lastKnownFileType = folder.assetcatalog; path = "Preview Assets.xcassets"; sourceTree = "<group>"; };
		5E7B064A282FB94500E91C2D /* ChannelView.swift */ = {isa = PBXFileReference; lastKnownFileType = sourcecode.swift; path = ChannelView.swift; sourceTree = "<group>"; };
		5E7B064C282FB95900E91C2D /* ChannelVideosView.swift */ = {isa = PBXFileReference; lastKnownFileType = sourcecode.swift; path = ChannelVideosView.swift; sourceTree = "<group>"; };
		5E7B064E282FB96900E91C2D /* VideoDetailsView.swift */ = {isa = PBXFileReference; lastKnownFileType = sourcecode.swift; path = VideoDetailsView.swift; sourceTree = "<group>"; };
		5E7B0650282FB97700E91C2D /* VideoPlaybackView.swift */ = {isa = PBXFileReference; lastKnownFileType = sourcecode.swift; path = VideoPlaybackView.swift; sourceTree = "<group>"; };
		5E7B0654282FBBB300E91C2D /* NetworkManager.swift */ = {isa = PBXFileReference; lastKnownFileType = sourcecode.swift; path = NetworkManager.swift; sourceTree = "<group>"; };
		5E7B0656282FC05F00E91C2D /* ChannelViewData.swift */ = {isa = PBXFileReference; lastKnownFileType = sourcecode.swift; path = ChannelViewData.swift; sourceTree = "<group>"; };
		5E7B0658282FC99200E91C2D /* ChannelVideosViewData.swift */ = {isa = PBXFileReference; lastKnownFileType = sourcecode.swift; path = ChannelVideosViewData.swift; sourceTree = "<group>"; };
		5E7B065C282FFD7C00E91C2D /* VideoDetailsViewData.swift */ = {isa = PBXFileReference; lastKnownFileType = sourcecode.swift; path = VideoDetailsViewData.swift; sourceTree = "<group>"; };
		5E7B065E28300D5A00E91C2D /* Service.swift */ = {isa = PBXFileReference; lastKnownFileType = sourcecode.swift; path = Service.swift; sourceTree = "<group>"; };
		5E7B06662830C5DC00E91C2D /* DailymotionTests.xctest */ = {isa = PBXFileReference; explicitFileType = wrapper.cfbundle; includeInIndex = 0; path = DailymotionTests.xctest; sourceTree = BUILT_PRODUCTS_DIR; };
		5E7B06682830C5DC00E91C2D /* NetworkManagerTests.swift */ = {isa = PBXFileReference; lastKnownFileType = sourcecode.swift; path = NetworkManagerTests.swift; sourceTree = "<group>"; };
		5E7B066F2830D0E700E91C2D /* ServiceTests.swift */ = {isa = PBXFileReference; lastKnownFileType = sourcecode.swift; path = ServiceTests.swift; sourceTree = "<group>"; };
		5E7B06752830D69500E91C2D /* DailymotionUITests.xctest */ = {isa = PBXFileReference; explicitFileType = wrapper.cfbundle; includeInIndex = 0; path = DailymotionUITests.xctest; sourceTree = BUILT_PRODUCTS_DIR; };
		5E7B06772830D69500E91C2D /* DailymotionUITests.swift */ = {isa = PBXFileReference; lastKnownFileType = sourcecode.swift; path = DailymotionUITests.swift; sourceTree = "<group>"; };
		5E7B06792830D69500E91C2D /* DailymotionUITestsLaunchTests.swift */ = {isa = PBXFileReference; lastKnownFileType = sourcecode.swift; path = DailymotionUITestsLaunchTests.swift; sourceTree = "<group>"; };
		5E7B06802830D78100E91C2D /* DailymotionUITestsMainUI.swift */ = {isa = PBXFileReference; lastKnownFileType = sourcecode.swift; path = DailymotionUITestsMainUI.swift; sourceTree = "<group>"; };
		5E7B06822830D9A200E91C2D /* ChannelsViewTests.swift */ = {isa = PBXFileReference; lastKnownFileType = sourcecode.swift; path = ChannelsViewTests.swift; sourceTree = "<group>"; };
		5E7B06842830DA5700E91C2D /* VideosViewTests.swift */ = {isa = PBXFileReference; lastKnownFileType = sourcecode.swift; path = VideosViewTests.swift; sourceTree = "<group>"; };
		5E7B068A2831037F00E91C2D /* en */ = {isa = PBXFileReference; lastKnownFileType = text.plist.strings; name = en; path = en.lproj/Localizable.strings; sourceTree = "<group>"; };
		5E7B068E2831067000E91C2D /* ru */ = {isa = PBXFileReference; lastKnownFileType = text.plist.strings; name = ru; path = ru.lproj/Localizable.strings; sourceTree = "<group>"; };
		5E7B068F2831068500E91C2D /* et */ = {isa = PBXFileReference; lastKnownFileType = text.plist.strings; name = et; path = et.lproj/Localizable.strings; sourceTree = "<group>"; };
		5E7B06902831069100E91C2D /* et-EE */ = {isa = PBXFileReference; lastKnownFileType = text.plist.strings; name = "et-EE"; path = "et-EE.lproj/Localizable.strings"; sourceTree = "<group>"; };
		5E7B06922831188F00E91C2D /* UIVideoPlayer.swift */ = {isa = PBXFileReference; lastKnownFileType = sourcecode.swift; path = UIVideoPlayer.swift; sourceTree = "<group>"; };
		5E7B069428311A1300E91C2D /* PlayerView.swift */ = {isa = PBXFileReference; lastKnownFileType = sourcecode.swift; path = PlayerView.swift; sourceTree = "<group>"; };
		5E7B0696283288B600E91C2D /* ChannelVideosData.swift */ = {isa = PBXFileReference; lastKnownFileType = sourcecode.swift; path = ChannelVideosData.swift; sourceTree = "<group>"; };
		5E7B0698283289A900E91C2D /* RenderedChannelVideosView.swift */ = {isa = PBXFileReference; lastKnownFileType = sourcecode.swift; path = RenderedChannelVideosView.swift; sourceTree = "<group>"; };
/* End PBXFileReference section */

/* Begin PBXFrameworksBuildPhase section */
		5E7B0635282FB91500E91C2D /* Frameworks */ = {
			isa = PBXFrameworksBuildPhase;
			buildActionMask = 2147483647;
			files = (
			);
			runOnlyForDeploymentPostprocessing = 0;
		};
		5E7B06632830C5DC00E91C2D /* Frameworks */ = {
			isa = PBXFrameworksBuildPhase;
			buildActionMask = 2147483647;
			files = (
			);
			runOnlyForDeploymentPostprocessing = 0;
		};
		5E7B06722830D69500E91C2D /* Frameworks */ = {
			isa = PBXFrameworksBuildPhase;
			buildActionMask = 2147483647;
			files = (
			);
			runOnlyForDeploymentPostprocessing = 0;
		};
/* End PBXFrameworksBuildPhase section */

/* Begin PBXGroup section */
		5E7B062F282FB91500E91C2D = {
			isa = PBXGroup;
			children = (
				5E7B063A282FB91500E91C2D /* Dailymotion */,
				5E7B06672830C5DC00E91C2D /* DailymotionTests */,
				5E7B06762830D69500E91C2D /* DailymotionUITests */,
				5E7B0639282FB91500E91C2D /* Products */,
			);
			sourceTree = "<group>";
		};
		5E7B0639282FB91500E91C2D /* Products */ = {
			isa = PBXGroup;
			children = (
				5E7B0638282FB91500E91C2D /* Dailymotion.app */,
				5E7B06662830C5DC00E91C2D /* DailymotionTests.xctest */,
				5E7B06752830D69500E91C2D /* DailymotionUITests.xctest */,
			);
			name = Products;
			sourceTree = "<group>";
		};
		5E7B063A282FB91500E91C2D /* Dailymotion */ = {
			isa = PBXGroup;
			children = (
				5E7B069128310F3F00E91C2D /* ViewModel */,
				5E7B06862831033600E91C2D /* Localization */,
				5E7B0653282FBB9D00E91C2D /* Services */,
				5E7B0652282FBB9600E91C2D /* Models */,
				5E7B0649282FB92D00E91C2D /* Views */,
				5E7B063B282FB91500E91C2D /* DailymotionApp.swift */,
				5E7B063D282FB91500E91C2D /* ContentView.swift */,
				5E7B063F282FB91900E91C2D /* Assets.xcassets */,
				5E7B0641282FB91900E91C2D /* Preview Content */,
			);
			path = Dailymotion;
			sourceTree = "<group>";
		};
		5E7B0641282FB91900E91C2D /* Preview Content */ = {
			isa = PBXGroup;
			children = (
				5E7B0642282FB91900E91C2D /* Preview Assets.xcassets */,
			);
			path = "Preview Content";
			sourceTree = "<group>";
		};
		5E7B0649282FB92D00E91C2D /* Views */ = {
			isa = PBXGroup;
			children = (
				5E7B064A282FB94500E91C2D /* ChannelView.swift */,
				5E7B064C282FB95900E91C2D /* ChannelVideosView.swift */,
				5E7B064E282FB96900E91C2D /* VideoDetailsView.swift */,
				5E7B0650282FB97700E91C2D /* VideoPlaybackView.swift */,
				5E7B06922831188F00E91C2D /* UIVideoPlayer.swift */,
				5E7B069428311A1300E91C2D /* PlayerView.swift */,
				5E7B0698283289A900E91C2D /* RenderedChannelVideosView.swift */,
			);
			path = Views;
			sourceTree = "<group>";
		};
		5E7B0652282FBB9600E91C2D /* Models */ = {
			isa = PBXGroup;
			children = (
				5E7B0656282FC05F00E91C2D /* ChannelViewData.swift */,
				5E7B0658282FC99200E91C2D /* ChannelVideosViewData.swift */,
				5E7B065C282FFD7C00E91C2D /* VideoDetailsViewData.swift */,
				5E7B0696283288B600E91C2D /* ChannelVideosData.swift */,
			);
			path = Models;
			sourceTree = "<group>";
		};
		5E7B0653282FBB9D00E91C2D /* Services */ = {
			isa = PBXGroup;
			children = (
				5E7B0654282FBBB300E91C2D /* NetworkManager.swift */,
			);
			path = Services;
			sourceTree = "<group>";
		};
		5E7B06672830C5DC00E91C2D /* DailymotionTests */ = {
			isa = PBXGroup;
			children = (
				5E7B06682830C5DC00E91C2D /* NetworkManagerTests.swift */,
				5E7B066F2830D0E700E91C2D /* ServiceTests.swift */,
			);
			path = DailymotionTests;
			sourceTree = "<group>";
		};
		5E7B06762830D69500E91C2D /* DailymotionUITests */ = {
			isa = PBXGroup;
			children = (
				5E7B06772830D69500E91C2D /* DailymotionUITests.swift */,
				5E7B06792830D69500E91C2D /* DailymotionUITestsLaunchTests.swift */,
				5E7B06802830D78100E91C2D /* DailymotionUITestsMainUI.swift */,
				5E7B06822830D9A200E91C2D /* ChannelsViewTests.swift */,
				5E7B06842830DA5700E91C2D /* VideosViewTests.swift */,
			);
			path = DailymotionUITests;
			sourceTree = "<group>";
		};
		5E7B06862831033600E91C2D /* Localization */ = {
			isa = PBXGroup;
			children = (
				5E7B068B2831037F00E91C2D /* Localizable.strings */,
			);
			path = Localization;
			sourceTree = "<group>";
		};
		5E7B069128310F3F00E91C2D /* ViewModel */ = {
			isa = PBXGroup;
			children = (
				5E7B065E28300D5A00E91C2D /* Service.swift */,
			);
			path = ViewModel;
			sourceTree = "<group>";
		};
/* End PBXGroup section */

/* Begin PBXNativeTarget section */
		5E7B0637282FB91500E91C2D /* Dailymotion */ = {
			isa = PBXNativeTarget;
			buildConfigurationList = 5E7B0646282FB91900E91C2D /* Build configuration list for PBXNativeTarget "Dailymotion" */;
			buildPhases = (
				5E7B0634282FB91500E91C2D /* Sources */,
				5E7B0635282FB91500E91C2D /* Frameworks */,
				5E7B0636282FB91500E91C2D /* Resources */,
			);
			buildRules = (
			);
			dependencies = (
			);
			name = Dailymotion;
			productName = Dailymotion;
			productReference = 5E7B0638282FB91500E91C2D /* Dailymotion.app */;
			productType = "com.apple.product-type.application";
		};
		5E7B06652830C5DC00E91C2D /* DailymotionTests */ = {
			isa = PBXNativeTarget;
			buildConfigurationList = 5E7B066C2830C5DC00E91C2D /* Build configuration list for PBXNativeTarget "DailymotionTests" */;
			buildPhases = (
				5E7B06622830C5DC00E91C2D /* Sources */,
				5E7B06632830C5DC00E91C2D /* Frameworks */,
				5E7B06642830C5DC00E91C2D /* Resources */,
			);
			buildRules = (
			);
			dependencies = (
				5E7B066B2830C5DC00E91C2D /* PBXTargetDependency */,
			);
			name = DailymotionTests;
			productName = DailymotionTests;
			productReference = 5E7B06662830C5DC00E91C2D /* DailymotionTests.xctest */;
			productType = "com.apple.product-type.bundle.unit-test";
		};
		5E7B06742830D69500E91C2D /* DailymotionUITests */ = {
			isa = PBXNativeTarget;
			buildConfigurationList = 5E7B067D2830D69500E91C2D /* Build configuration list for PBXNativeTarget "DailymotionUITests" */;
			buildPhases = (
				5E7B06712830D69500E91C2D /* Sources */,
				5E7B06722830D69500E91C2D /* Frameworks */,
				5E7B06732830D69500E91C2D /* Resources */,
			);
			buildRules = (
			);
			dependencies = (
				5E7B067C2830D69500E91C2D /* PBXTargetDependency */,
			);
			name = DailymotionUITests;
			productName = DailymotionUITests;
			productReference = 5E7B06752830D69500E91C2D /* DailymotionUITests.xctest */;
			productType = "com.apple.product-type.bundle.ui-testing";
		};
/* End PBXNativeTarget section */

/* Begin PBXProject section */
		5E7B0630282FB91500E91C2D /* Project object */ = {
			isa = PBXProject;
			attributes = {
				BuildIndependentTargetsInParallel = 1;
				LastSwiftUpdateCheck = 1330;
				LastUpgradeCheck = 1330;
				TargetAttributes = {
					5E7B0637282FB91500E91C2D = {
						CreatedOnToolsVersion = 13.3.1;
					};
					5E7B06652830C5DC00E91C2D = {
						CreatedOnToolsVersion = 13.3.1;
						TestTargetID = 5E7B0637282FB91500E91C2D;
					};
					5E7B06742830D69500E91C2D = {
						CreatedOnToolsVersion = 13.3.1;
						TestTargetID = 5E7B0637282FB91500E91C2D;
					};
				};
			};
			buildConfigurationList = 5E7B0633282FB91500E91C2D /* Build configuration list for PBXProject "Dailymotion" */;
			compatibilityVersion = "Xcode 13.0";
			developmentRegion = en;
			hasScannedForEncodings = 0;
			knownRegions = (
				en,
				Base,
				ru,
				et,
				"et-EE",
			);
			mainGroup = 5E7B062F282FB91500E91C2D;
			productRefGroup = 5E7B0639282FB91500E91C2D /* Products */;
			projectDirPath = "";
			projectRoot = "";
			targets = (
				5E7B0637282FB91500E91C2D /* Dailymotion */,
				5E7B06652830C5DC00E91C2D /* DailymotionTests */,
				5E7B06742830D69500E91C2D /* DailymotionUITests */,
			);
		};
/* End PBXProject section */

/* Begin PBXResourcesBuildPhase section */
		5E7B0636282FB91500E91C2D /* Resources */ = {
			isa = PBXResourcesBuildPhase;
			buildActionMask = 2147483647;
			files = (
				5E7B0643282FB91900E91C2D /* Preview Assets.xcassets in Resources */,
				5E7B06892831037F00E91C2D /* Localizable.strings in Resources */,
				5E7B0640282FB91900E91C2D /* Assets.xcassets in Resources */,
			);
			runOnlyForDeploymentPostprocessing = 0;
		};
		5E7B06642830C5DC00E91C2D /* Resources */ = {
			isa = PBXResourcesBuildPhase;
			buildActionMask = 2147483647;
			files = (
				5E7B068D2831058500E91C2D /* Localizable.strings in Resources */,
			);
			runOnlyForDeploymentPostprocessing = 0;
		};
		5E7B06732830D69500E91C2D /* Resources */ = {
			isa = PBXResourcesBuildPhase;
			buildActionMask = 2147483647;
			files = (
				5E7B068C2831058300E91C2D /* Localizable.strings in Resources */,
			);
			runOnlyForDeploymentPostprocessing = 0;
		};
/* End PBXResourcesBuildPhase section */

/* Begin PBXSourcesBuildPhase section */
		5E7B0634282FB91500E91C2D /* Sources */ = {
			isa = PBXSourcesBuildPhase;
			buildActionMask = 2147483647;
			files = (
				5E7B06932831188F00E91C2D /* UIVideoPlayer.swift in Sources */,
				5E7B064D282FB95900E91C2D /* ChannelVideosView.swift in Sources */,
				5E7B0659282FC99200E91C2D /* ChannelVideosViewData.swift in Sources */,
				5E7B0697283288B600E91C2D /* ChannelVideosData.swift in Sources */,
				5E7B0699283289A900E91C2D /* RenderedChannelVideosView.swift in Sources */,
				5E7B064F282FB96900E91C2D /* VideoDetailsView.swift in Sources */,
				5E7B064B282FB94500E91C2D /* ChannelView.swift in Sources */,
				5E7B0655282FBBB300E91C2D /* NetworkManager.swift in Sources */,
				5E7B065D282FFD7C00E91C2D /* VideoDetailsViewData.swift in Sources */,
				5E7B069528311A1300E91C2D /* PlayerView.swift in Sources */,
				5E7B063E282FB91500E91C2D /* ContentView.swift in Sources */,
				5E7B063C282FB91500E91C2D /* DailymotionApp.swift in Sources */,
				5E7B065F28300D5A00E91C2D /* Service.swift in Sources */,
				5E7B0657282FC05F00E91C2D /* ChannelViewData.swift in Sources */,
				5E7B0651282FB97700E91C2D /* VideoPlaybackView.swift in Sources */,
			);
			runOnlyForDeploymentPostprocessing = 0;
		};
		5E7B06622830C5DC00E91C2D /* Sources */ = {
			isa = PBXSourcesBuildPhase;
			buildActionMask = 2147483647;
			files = (
				5E7B06692830C5DC00E91C2D /* NetworkManagerTests.swift in Sources */,
				5E7B06702830D0E700E91C2D /* ServiceTests.swift in Sources */,
			);
			runOnlyForDeploymentPostprocessing = 0;
		};
		5E7B06712830D69500E91C2D /* Sources */ = {
			isa = PBXSourcesBuildPhase;
			buildActionMask = 2147483647;
			files = (
				5E7B06852830DA5700E91C2D /* VideosViewTests.swift in Sources */,
				5E7B06832830D9A200E91C2D /* ChannelsViewTests.swift in Sources */,
				5E7B067A2830D69500E91C2D /* DailymotionUITestsLaunchTests.swift in Sources */,
				5E7B06812830D78100E91C2D /* DailymotionUITestsMainUI.swift in Sources */,
				5E7B06782830D69500E91C2D /* DailymotionUITests.swift in Sources */,
			);
			runOnlyForDeploymentPostprocessing = 0;
		};
/* End PBXSourcesBuildPhase section */

/* Begin PBXTargetDependency section */
		5E7B066B2830C5DC00E91C2D /* PBXTargetDependency */ = {
			isa = PBXTargetDependency;
			target = 5E7B0637282FB91500E91C2D /* Dailymotion */;
			targetProxy = 5E7B066A2830C5DC00E91C2D /* PBXContainerItemProxy */;
		};
		5E7B067C2830D69500E91C2D /* PBXTargetDependency */ = {
			isa = PBXTargetDependency;
			target = 5E7B0637282FB91500E91C2D /* Dailymotion */;
			targetProxy = 5E7B067B2830D69500E91C2D /* PBXContainerItemProxy */;
		};
/* End PBXTargetDependency section */

/* Begin PBXVariantGroup section */
		5E7B068B2831037F00E91C2D /* Localizable.strings */ = {
			isa = PBXVariantGroup;
			children = (
				5E7B068A2831037F00E91C2D /* en */,
				5E7B068E2831067000E91C2D /* ru */,
				5E7B068F2831068500E91C2D /* et */,
				5E7B06902831069100E91C2D /* et-EE */,
			);
			name = Localizable.strings;
			sourceTree = "<group>";
		};
/* End PBXVariantGroup section */

/* Begin XCBuildConfiguration section */
		5E7B0644282FB91900E91C2D /* Debug */ = {
			isa = XCBuildConfiguration;
			buildSettings = {
				ALWAYS_SEARCH_USER_PATHS = NO;
				CLANG_ANALYZER_LOCALIZABILITY_NONLOCALIZED = YES;
				CLANG_ANALYZER_NONNULL = YES;
				CLANG_ANALYZER_NUMBER_OBJECT_CONVERSION = YES_AGGRESSIVE;
				CLANG_CXX_LANGUAGE_STANDARD = "gnu++17";
				CLANG_ENABLE_MODULES = YES;
				CLANG_ENABLE_OBJC_ARC = YES;
				CLANG_ENABLE_OBJC_WEAK = YES;
				CLANG_WARN_BLOCK_CAPTURE_AUTORELEASING = YES;
				CLANG_WARN_BOOL_CONVERSION = YES;
				CLANG_WARN_COMMA = YES;
				CLANG_WARN_CONSTANT_CONVERSION = YES;
				CLANG_WARN_DEPRECATED_OBJC_IMPLEMENTATIONS = YES;
				CLANG_WARN_DIRECT_OBJC_ISA_USAGE = YES_ERROR;
				CLANG_WARN_DOCUMENTATION_COMMENTS = YES;
				CLANG_WARN_EMPTY_BODY = YES;
				CLANG_WARN_ENUM_CONVERSION = YES;
				CLANG_WARN_INFINITE_RECURSION = YES;
				CLANG_WARN_INT_CONVERSION = YES;
				CLANG_WARN_NON_LITERAL_NULL_CONVERSION = YES;
				CLANG_WARN_OBJC_IMPLICIT_RETAIN_SELF = YES;
				CLANG_WARN_OBJC_LITERAL_CONVERSION = YES;
				CLANG_WARN_OBJC_ROOT_CLASS = YES_ERROR;
				CLANG_WARN_QUOTED_INCLUDE_IN_FRAMEWORK_HEADER = YES;
				CLANG_WARN_RANGE_LOOP_ANALYSIS = YES;
				CLANG_WARN_STRICT_PROTOTYPES = YES;
				CLANG_WARN_SUSPICIOUS_MOVE = YES;
				CLANG_WARN_UNGUARDED_AVAILABILITY = YES_AGGRESSIVE;
				CLANG_WARN_UNREACHABLE_CODE = YES;
				CLANG_WARN__DUPLICATE_METHOD_MATCH = YES;
				COPY_PHASE_STRIP = NO;
				DEBUG_INFORMATION_FORMAT = dwarf;
				ENABLE_STRICT_OBJC_MSGSEND = YES;
				ENABLE_TESTABILITY = YES;
				GCC_C_LANGUAGE_STANDARD = gnu11;
				GCC_DYNAMIC_NO_PIC = NO;
				GCC_NO_COMMON_BLOCKS = YES;
				GCC_OPTIMIZATION_LEVEL = 0;
				GCC_PREPROCESSOR_DEFINITIONS = (
					"DEBUG=1",
					"$(inherited)",
				);
				GCC_WARN_64_TO_32_BIT_CONVERSION = YES;
				GCC_WARN_ABOUT_RETURN_TYPE = YES_ERROR;
				GCC_WARN_UNDECLARED_SELECTOR = YES;
				GCC_WARN_UNINITIALIZED_AUTOS = YES_AGGRESSIVE;
				GCC_WARN_UNUSED_FUNCTION = YES;
				GCC_WARN_UNUSED_VARIABLE = YES;
				IPHONEOS_DEPLOYMENT_TARGET = 15.4;
				MTL_ENABLE_DEBUG_INFO = INCLUDE_SOURCE;
				MTL_FAST_MATH = YES;
				ONLY_ACTIVE_ARCH = YES;
				SDKROOT = iphoneos;
				SWIFT_ACTIVE_COMPILATION_CONDITIONS = DEBUG;
				SWIFT_OPTIMIZATION_LEVEL = "-Onone";
			};
			name = Debug;
		};
		5E7B0645282FB91900E91C2D /* Release */ = {
			isa = XCBuildConfiguration;
			buildSettings = {
				ALWAYS_SEARCH_USER_PATHS = NO;
				CLANG_ANALYZER_LOCALIZABILITY_NONLOCALIZED = YES;
				CLANG_ANALYZER_NONNULL = YES;
				CLANG_ANALYZER_NUMBER_OBJECT_CONVERSION = YES_AGGRESSIVE;
				CLANG_CXX_LANGUAGE_STANDARD = "gnu++17";
				CLANG_ENABLE_MODULES = YES;
				CLANG_ENABLE_OBJC_ARC = YES;
				CLANG_ENABLE_OBJC_WEAK = YES;
				CLANG_WARN_BLOCK_CAPTURE_AUTORELEASING = YES;
				CLANG_WARN_BOOL_CONVERSION = YES;
				CLANG_WARN_COMMA = YES;
				CLANG_WARN_CONSTANT_CONVERSION = YES;
				CLANG_WARN_DEPRECATED_OBJC_IMPLEMENTATIONS = YES;
				CLANG_WARN_DIRECT_OBJC_ISA_USAGE = YES_ERROR;
				CLANG_WARN_DOCUMENTATION_COMMENTS = YES;
				CLANG_WARN_EMPTY_BODY = YES;
				CLANG_WARN_ENUM_CONVERSION = YES;
				CLANG_WARN_INFINITE_RECURSION = YES;
				CLANG_WARN_INT_CONVERSION = YES;
				CLANG_WARN_NON_LITERAL_NULL_CONVERSION = YES;
				CLANG_WARN_OBJC_IMPLICIT_RETAIN_SELF = YES;
				CLANG_WARN_OBJC_LITERAL_CONVERSION = YES;
				CLANG_WARN_OBJC_ROOT_CLASS = YES_ERROR;
				CLANG_WARN_QUOTED_INCLUDE_IN_FRAMEWORK_HEADER = YES;
				CLANG_WARN_RANGE_LOOP_ANALYSIS = YES;
				CLANG_WARN_STRICT_PROTOTYPES = YES;
				CLANG_WARN_SUSPICIOUS_MOVE = YES;
				CLANG_WARN_UNGUARDED_AVAILABILITY = YES_AGGRESSIVE;
				CLANG_WARN_UNREACHABLE_CODE = YES;
				CLANG_WARN__DUPLICATE_METHOD_MATCH = YES;
				COPY_PHASE_STRIP = NO;
				DEBUG_INFORMATION_FORMAT = "dwarf-with-dsym";
				ENABLE_NS_ASSERTIONS = NO;
				ENABLE_STRICT_OBJC_MSGSEND = YES;
				GCC_C_LANGUAGE_STANDARD = gnu11;
				GCC_NO_COMMON_BLOCKS = YES;
				GCC_WARN_64_TO_32_BIT_CONVERSION = YES;
				GCC_WARN_ABOUT_RETURN_TYPE = YES_ERROR;
				GCC_WARN_UNDECLARED_SELECTOR = YES;
				GCC_WARN_UNINITIALIZED_AUTOS = YES_AGGRESSIVE;
				GCC_WARN_UNUSED_FUNCTION = YES;
				GCC_WARN_UNUSED_VARIABLE = YES;
				IPHONEOS_DEPLOYMENT_TARGET = 15.4;
				MTL_ENABLE_DEBUG_INFO = NO;
				MTL_FAST_MATH = YES;
				SDKROOT = iphoneos;
				SWIFT_COMPILATION_MODE = wholemodule;
				SWIFT_OPTIMIZATION_LEVEL = "-O";
				VALIDATE_PRODUCT = YES;
			};
			name = Release;
		};
		5E7B0647282FB91900E91C2D /* Debug */ = {
			isa = XCBuildConfiguration;
			buildSettings = {
				ASSETCATALOG_COMPILER_APPICON_NAME = AppIcon;
				ASSETCATALOG_COMPILER_GLOBAL_ACCENT_COLOR_NAME = AccentColor;
				CODE_SIGN_STYLE = Automatic;
				CURRENT_PROJECT_VERSION = 1;
				DEVELOPMENT_ASSET_PATHS = "\"Dailymotion/Preview Content\"";
				DEVELOPMENT_TEAM = L8W86DZDY2;
				ENABLE_PREVIEWS = YES;
				GENERATE_INFOPLIST_FILE = YES;
				INFOPLIST_KEY_UIApplicationSceneManifest_Generation = YES;
				INFOPLIST_KEY_UIApplicationSupportsIndirectInputEvents = YES;
				INFOPLIST_KEY_UILaunchScreen_Generation = YES;
				INFOPLIST_KEY_UISupportedInterfaceOrientations_iPad = "UIInterfaceOrientationPortrait UIInterfaceOrientationPortraitUpsideDown UIInterfaceOrientationLandscapeLeft UIInterfaceOrientationLandscapeRight";
				INFOPLIST_KEY_UISupportedInterfaceOrientations_iPhone = "UIInterfaceOrientationPortrait UIInterfaceOrientationLandscapeLeft UIInterfaceOrientationLandscapeRight";
				LD_RUNPATH_SEARCH_PATHS = (
					"$(inherited)",
					"@executable_path/Frameworks",
				);
				MARKETING_VERSION = 1.0;
				PRODUCT_BUNDLE_IDENTIFIER = com.ri.Dailymotion;
				PRODUCT_NAME = "$(TARGET_NAME)";
				SWIFT_EMIT_LOC_STRINGS = YES;
				SWIFT_VERSION = 5.0;
				TARGETED_DEVICE_FAMILY = "1,2";
			};
			name = Debug;
		};
		5E7B0648282FB91900E91C2D /* Release */ = {
			isa = XCBuildConfiguration;
			buildSettings = {
				ASSETCATALOG_COMPILER_APPICON_NAME = AppIcon;
				ASSETCATALOG_COMPILER_GLOBAL_ACCENT_COLOR_NAME = AccentColor;
				CODE_SIGN_STYLE = Automatic;
				CURRENT_PROJECT_VERSION = 1;
				DEVELOPMENT_ASSET_PATHS = "\"Dailymotion/Preview Content\"";
				DEVELOPMENT_TEAM = L8W86DZDY2;
				ENABLE_PREVIEWS = YES;
				GENERATE_INFOPLIST_FILE = YES;
				INFOPLIST_KEY_UIApplicationSceneManifest_Generation = YES;
				INFOPLIST_KEY_UIApplicationSupportsIndirectInputEvents = YES;
				INFOPLIST_KEY_UILaunchScreen_Generation = YES;
				INFOPLIST_KEY_UISupportedInterfaceOrientations_iPad = "UIInterfaceOrientationPortrait UIInterfaceOrientationPortraitUpsideDown UIInterfaceOrientationLandscapeLeft UIInterfaceOrientationLandscapeRight";
				INFOPLIST_KEY_UISupportedInterfaceOrientations_iPhone = "UIInterfaceOrientationPortrait UIInterfaceOrientationLandscapeLeft UIInterfaceOrientationLandscapeRight";
				LD_RUNPATH_SEARCH_PATHS = (
					"$(inherited)",
					"@executable_path/Frameworks",
				);
				MARKETING_VERSION = 1.0;
				PRODUCT_BUNDLE_IDENTIFIER = com.ri.Dailymotion;
				PRODUCT_NAME = "$(TARGET_NAME)";
				SWIFT_EMIT_LOC_STRINGS = YES;
				SWIFT_VERSION = 5.0;
				TARGETED_DEVICE_FAMILY = "1,2";
			};
			name = Release;
		};
		5E7B066D2830C5DC00E91C2D /* Debug */ = {
			isa = XCBuildConfiguration;
			buildSettings = {
				BUNDLE_LOADER = "$(TEST_HOST)";
				CODE_SIGN_STYLE = Automatic;
				CURRENT_PROJECT_VERSION = 1;
				DEVELOPMENT_TEAM = L8W86DZDY2;
				GENERATE_INFOPLIST_FILE = YES;
				MARKETING_VERSION = 1.0;
				PRODUCT_BUNDLE_IDENTIFIER = com.ri.DailymotionTests;
				PRODUCT_NAME = "$(TARGET_NAME)";
				SWIFT_EMIT_LOC_STRINGS = NO;
				SWIFT_VERSION = 5.0;
				TARGETED_DEVICE_FAMILY = "1,2";
				TEST_HOST = "$(BUILT_PRODUCTS_DIR)/Dailymotion.app/Dailymotion";
			};
			name = Debug;
		};
		5E7B066E2830C5DC00E91C2D /* Release */ = {
			isa = XCBuildConfiguration;
			buildSettings = {
				BUNDLE_LOADER = "$(TEST_HOST)";
				CODE_SIGN_STYLE = Automatic;
				CURRENT_PROJECT_VERSION = 1;
				DEVELOPMENT_TEAM = L8W86DZDY2;
				GENERATE_INFOPLIST_FILE = YES;
				MARKETING_VERSION = 1.0;
				PRODUCT_BUNDLE_IDENTIFIER = com.ri.DailymotionTests;
				PRODUCT_NAME = "$(TARGET_NAME)";
				SWIFT_EMIT_LOC_STRINGS = NO;
				SWIFT_VERSION = 5.0;
				TARGETED_DEVICE_FAMILY = "1,2";
				TEST_HOST = "$(BUILT_PRODUCTS_DIR)/Dailymotion.app/Dailymotion";
			};
			name = Release;
		};
		5E7B067E2830D69500E91C2D /* Debug */ = {
			isa = XCBuildConfiguration;
			buildSettings = {
				CODE_SIGN_STYLE = Automatic;
				CURRENT_PROJECT_VERSION = 1;
				DEVELOPMENT_TEAM = L8W86DZDY2;
				GENERATE_INFOPLIST_FILE = YES;
				MARKETING_VERSION = 1.0;
				PRODUCT_BUNDLE_IDENTIFIER = com.ri.DailymotionUITests;
				PRODUCT_NAME = "$(TARGET_NAME)";
				SWIFT_EMIT_LOC_STRINGS = NO;
				SWIFT_VERSION = 5.0;
				TARGETED_DEVICE_FAMILY = "1,2";
				TEST_TARGET_NAME = Dailymotion;
			};
			name = Debug;
		};
		5E7B067F2830D69500E91C2D /* Release */ = {
			isa = XCBuildConfiguration;
			buildSettings = {
				CODE_SIGN_STYLE = Automatic;
				CURRENT_PROJECT_VERSION = 1;
				DEVELOPMENT_TEAM = L8W86DZDY2;
				GENERATE_INFOPLIST_FILE = YES;
				MARKETING_VERSION = 1.0;
				PRODUCT_BUNDLE_IDENTIFIER = com.ri.DailymotionUITests;
				PRODUCT_NAME = "$(TARGET_NAME)";
				SWIFT_EMIT_LOC_STRINGS = NO;
				SWIFT_VERSION = 5.0;
				TARGETED_DEVICE_FAMILY = "1,2";
				TEST_TARGET_NAME = Dailymotion;
			};
			name = Release;
		};
/* End XCBuildConfiguration section */

/* Begin XCConfigurationList section */
		5E7B0633282FB91500E91C2D /* Build configuration list for PBXProject "Dailymotion" */ = {
			isa = XCConfigurationList;
			buildConfigurations = (
				5E7B0644282FB91900E91C2D /* Debug */,
				5E7B0645282FB91900E91C2D /* Release */,
			);
			defaultConfigurationIsVisible = 0;
			defaultConfigurationName = Release;
		};
		5E7B0646282FB91900E91C2D /* Build configuration list for PBXNativeTarget "Dailymotion" */ = {
			isa = XCConfigurationList;
			buildConfigurations = (
				5E7B0647282FB91900E91C2D /* Debug */,
				5E7B0648282FB91900E91C2D /* Release */,
			);
			defaultConfigurationIsVisible = 0;
			defaultConfigurationName = Release;
		};
		5E7B066C2830C5DC00E91C2D /* Build configuration list for PBXNativeTarget "DailymotionTests" */ = {
			isa = XCConfigurationList;
			buildConfigurations = (
				5E7B066D2830C5DC00E91C2D /* Debug */,
				5E7B066E2830C5DC00E91C2D /* Release */,
			);
			defaultConfigurationIsVisible = 0;
			defaultConfigurationName = Release;
		};
		5E7B067D2830D69500E91C2D /* Build configuration list for PBXNativeTarget "DailymotionUITests" */ = {
			isa = XCConfigurationList;
			buildConfigurations = (
				5E7B067E2830D69500E91C2D /* Debug */,
				5E7B067F2830D69500E91C2D /* Release */,
			);
			defaultConfigurationIsVisible = 0;
			defaultConfigurationName = Release;
		};
/* End XCConfigurationList section */
	};
	rootObject = 5E7B0630282FB91500E91C2D /* Project object */;
}
